
Microsoft Visual Studio Solution File, Format Version 12.00
# Visual Studio Version 17
VisualStudioVersion = 17.5.33530.505
MinimumVisualStudioVersion = 10.0.40219.1
Project("{9A19103F-16F7-4668-BE54-9A1E7A4F7556}") = "CodingChallengeTutorial", "CodingChallengeTutorial.csproj", "{45D21506-1246-4A6A-B0FE-F0BA80075605}"
EndProject
Project("{FAE04EC0-301F-11D3-BF4B-00C04F79EFBC}") = "UnitTests", "..\UnitTests\UnitTests.csproj", "{D919A837-A6AC-4C7B-A5D5-B79CE90205A7}"
EndProject
Global
	GlobalSection(SolutionConfigurationPlatforms) = preSolution
		Debug|Any CPU = Debug|Any CPU
		Release|Any CPU = Release|Any CPU
	EndGlobalSection
	GlobalSection(ProjectConfigurationPlatforms) = postSolution
		{45D21506-1246-4A6A-B0FE-F0BA80075605}.Debug|Any CPU.ActiveCfg = Debug|Any CPU
		{45D21506-1246-4A6A-B0FE-F0BA80075605}.Debug|Any CPU.Build.0 = Debug|Any CPU
		{45D21506-1246-4A6A-B0FE-F0BA80075605}.Release|Any CPU.ActiveCfg = Release|Any CPU
		{45D21506-1246-4A6A-B0FE-F0BA80075605}.Release|Any CPU.Build.0 = Release|Any CPU
		{D919A837-A6AC-4C7B-A5D5-B79CE90205A7}.Debug|Any CPU.ActiveCfg = Debug|Any CPU
		{D919A837-A6AC-4C7B-A5D5-B79CE90205A7}.Debug|Any CPU.Build.0 = Debug|Any CPU
		{D919A837-A6AC-4C7B-A5D5-B79CE90205A7}.Release|Any CPU.ActiveCfg = Release|Any CPU
		{D919A837-A6AC-4C7B-A5D5-B79CE90205A7}.Release|Any CPU.Build.0 = Release|Any CPU
	EndGlobalSection
	GlobalSection(SolutionProperties) = preSolution
		HideSolutionNode = FALSE
	EndGlobalSection
	GlobalSection(ExtensibilityGlobals) = postSolution
		SolutionGuid = {CE648584-C293-48EE-9D2D-528E09DD2E97}
	EndGlobalSection
EndGlobal
